
Microsoft Visual Studio Solution File, Format Version 12.00
# Visual Studio 14
VisualStudioVersion = 14.0.24720.0
MinimumVisualStudioVersion = 10.0.40219.1
Project("{FAE04EC0-301F-11D3-BF4B-00C04F79EFBC}") = "Payroll", "Payroll\Payroll.csproj", "{63F287B9-6B61-4620-B6CE-0FC93F9B843D}"
EndProject
Project("{FAE04EC0-301F-11D3-BF4B-00C04F79EFBC}") = "Payroll.Tests", "Payroll.Tests\Payroll.Tests.csproj", "{F4EBD800-C7CF-4B53-8678-5DAE6AA1964A}"
EndProject
Project("{FAE04EC0-301F-11D3-BF4B-00C04F79EFBC}") = "Payroll.ConsoleRunner", "Payroll.ConsoleRunner\Payroll.ConsoleRunner.csproj", "{E44EE6A4-7071-4313-BB8A-8A8E451CA02A}"
EndProject
Global
	GlobalSection(SolutionConfigurationPlatforms) = preSolution
		Debug|Any CPU = Debug|Any CPU
		Release|Any CPU = Release|Any CPU
	EndGlobalSection
	GlobalSection(ProjectConfigurationPlatforms) = postSolution
		{63F287B9-6B61-4620-B6CE-0FC93F9B843D}.Debug|Any CPU.ActiveCfg = Debug|Any CPU
		{63F287B9-6B61-4620-B6CE-0FC93F9B843D}.Debug|Any CPU.Build.0 = Debug|Any CPU
		{63F287B9-6B61-4620-B6CE-0FC93F9B843D}.Release|Any CPU.ActiveCfg = Release|Any CPU
		{63F287B9-6B61-4620-B6CE-0FC93F9B843D}.Release|Any CPU.Build.0 = Release|Any CPU
		{F4EBD800-C7CF-4B53-8678-5DAE6AA1964A}.Debug|Any CPU.ActiveCfg = Debug|Any CPU
		{F4EBD800-C7CF-4B53-8678-5DAE6AA1964A}.Debug|Any CPU.Build.0 = Debug|Any CPU
		{F4EBD800-C7CF-4B53-8678-5DAE6AA1964A}.Release|Any CPU.ActiveCfg = Release|Any CPU
		{F4EBD800-C7CF-4B53-8678-5DAE6AA1964A}.Release|Any CPU.Build.0 = Release|Any CPU
		{E44EE6A4-7071-4313-BB8A-8A8E451CA02A}.Debug|Any CPU.ActiveCfg = Debug|Any CPU
		{E44EE6A4-7071-4313-BB8A-8A8E451CA02A}.Debug|Any CPU.Build.0 = Debug|Any CPU
		{E44EE6A4-7071-4313-BB8A-8A8E451CA02A}.Release|Any CPU.ActiveCfg = Release|Any CPU
		{E44EE6A4-7071-4313-BB8A-8A8E451CA02A}.Release|Any CPU.Build.0 = Release|Any CPU
	EndGlobalSection
	GlobalSection(SolutionProperties) = preSolution
		HideSolutionNode = FALSE
	EndGlobalSection
EndGlobal
